
Microsoft Visual Studio Solution File, Format Version 12.00
# Visual Studio Version 17
VisualStudioVersion = 17.8.34322.80
MinimumVisualStudioVersion = 10.0.40219.1
Project("{FAE04EC0-301F-11D3-BF4B-00C04F79EFBC}") = "Spelprojekt-Kevin Ö", "Spelprojekt-Kevin Ö.csproj", "{50AF2F35-B189-4303-9284-4ED26D499C51}"
EndProject
Global
	GlobalSection(SolutionConfigurationPlatforms) = preSolution
		Debug|Any CPU = Debug|Any CPU
		Release|Any CPU = Release|Any CPU
	EndGlobalSection
	GlobalSection(ProjectConfigurationPlatforms) = postSolution
		{50AF2F35-B189-4303-9284-4ED26D499C51}.Debug|Any CPU.ActiveCfg = Debug|Any CPU
		{50AF2F35-B189-4303-9284-4ED26D499C51}.Debug|Any CPU.Build.0 = Debug|Any CPU
		{50AF2F35-B189-4303-9284-4ED26D499C51}.Release|Any CPU.ActiveCfg = Release|Any CPU
		{50AF2F35-B189-4303-9284-4ED26D499C51}.Release|Any CPU.Build.0 = Release|Any CPU
	EndGlobalSection
	GlobalSection(SolutionProperties) = preSolution
		HideSolutionNode = FALSE
	EndGlobalSection
	GlobalSection(ExtensibilityGlobals) = postSolution
		SolutionGuid = {52D16EF1-E12B-4500-BAB3-4767D2D8C4C1}
	EndGlobalSection
EndGlobal
